// !$*UTF8*$!
{
	archiveVersion = 1;
	classes = {
	};
	objectVersion = 46;
	objects = {

/* Begin PBXBuildFile section */
		BBCC47381B58FB3000FD1644 /* main.swift in Sources */ = {isa = PBXBuildFile; fileRef = BBCC47371B58FB3000FD1644 /* main.swift */; };
		BBCC473F1B58FB7800FD1644 /* Chef.swift in Sources */ = {isa = PBXBuildFile; fileRef = BBCC473E1B58FB7800FD1644 /* Chef.swift */; };
		BBCC47411B58FC4E00FD1644 /* CookingAppliance.swift in Sources */ = {isa = PBXBuildFile; fileRef = BBCC47401B58FC4E00FD1644 /* CookingAppliance.swift */; };
		BBCC47431B58FCA400FD1644 /* Food.swift in Sources */ = {isa = PBXBuildFile; fileRef = BBCC47421B58FCA400FD1644 /* Food.swift */; };
/* End PBXBuildFile section */

/* Begin PBXCopyFilesBuildPhase section */
		BBCC47321B58FB2F00FD1644 /* CopyFiles */ = {
			isa = PBXCopyFilesBuildPhase;
			buildActionMask = 2147483647;
			dstPath = /usr/share/man/man1/;
			dstSubfolderSpec = 0;
			files = (
			);
			runOnlyForDeploymentPostprocessing = 1;
		};
/* End PBXCopyFilesBuildPhase section */

/* Begin PBXFileReference section */
		BBCC47341B58FB2F00FD1644 /* PolyMorphismDemo */ = {isa = PBXFileReference; explicitFileType = "compiled.mach-o.executable"; includeInIndex = 0; path = PolyMorphismDemo; sourceTree = BUILT_PRODUCTS_DIR; };
		BBCC47371B58FB3000FD1644 /* main.swift */ = {isa = PBXFileReference; lastKnownFileType = sourcecode.swift; path = main.swift; sourceTree = "<group>"; };
		BBCC473E1B58FB7800FD1644 /* Chef.swift */ = {isa = PBXFileReference; fileEncoding = 4; lastKnownFileType = sourcecode.swift; path = Chef.swift; sourceTree = "<group>"; };
		BBCC47401B58FC4E00FD1644 /* CookingAppliance.swift */ = {isa = PBXFileReference; fileEncoding = 4; lastKnownFileType = sourcecode.swift; path = CookingAppliance.swift; sourceTree = "<group>"; };
		BBCC47421B58FCA400FD1644 /* Food.swift */ = {isa = PBXFileReference; fileEncoding = 4; lastKnownFileType = sourcecode.swift; path = Food.swift; sourceTree = "<group>"; };
/* End PBXFileReference section */

/* Begin PBXFrameworksBuildPhase section */
		BBCC47311B58FB2F00FD1644 /* Frameworks */ = {
			isa = PBXFrameworksBuildPhase;
			buildActionMask = 2147483647;
			files = (
			);
			runOnlyForDeploymentPostprocessing = 0;
		};
/* End PBXFrameworksBuildPhase section */

/* Begin PBXGroup section */
		BBCC472B1B58FB2F00FD1644 = {
			isa = PBXGroup;
			children = (
				BBCC473E1B58FB7800FD1644 /* Chef.swift */,
				BBCC47401B58FC4E00FD1644 /* CookingAppliance.swift */,
				BBCC47421B58FCA400FD1644 /* Food.swift */,
				BBCC47361B58FB2F00FD1644 /* PolyMorphismDemo */,
				BBCC47351B58FB2F00FD1644 /* Products */,
			);
			sourceTree = "<group>";
		};
		BBCC47351B58FB2F00FD1644 /* Products */ = {
			isa = PBXGroup;
			children = (
				BBCC47341B58FB2F00FD1644 /* PolyMorphismDemo */,
			);
			name = Products;
			sourceTree = "<group>";
		};
		BBCC47361B58FB2F00FD1644 /* PolyMorphismDemo */ = {
			isa = PBXGroup;
			children = (
				BBCC47371B58FB3000FD1644 /* main.swift */,
			);
			path = PolyMorphismDemo;
			sourceTree = "<group>";
		};
/* End PBXGroup section */

/* Begin PBXNativeTarget section */
		BBCC47331B58FB2F00FD1644 /* PolyMorphismDemo */ = {
			isa = PBXNativeTarget;
			buildConfigurationList = BBCC473B1B58FB3000FD1644 /* Build configuration list for PBXNativeTarget "PolyMorphismDemo" */;
			buildPhases = (
				BBCC47301B58FB2F00FD1644 /* Sources */,
				BBCC47311B58FB2F00FD1644 /* Frameworks */,
				BBCC47321B58FB2F00FD1644 /* CopyFiles */,
			);
			buildRules = (
			);
			dependencies = (
			);
			name = PolyMorphismDemo;
			productName = PolyMorphismDemo;
			productReference = BBCC47341B58FB2F00FD1644 /* PolyMorphismDemo */;
			productType = "com.apple.product-type.tool";
		};
/* End PBXNativeTarget section */

/* Begin PBXProject section */
		BBCC472C1B58FB2F00FD1644 /* Project object */ = {
			isa = PBXProject;
			attributes = {
				LastUpgradeCheck = 0900;
				ORGANIZATIONNAME = "University of Chester";
				TargetAttributes = {
					BBCC47331B58FB2F00FD1644 = {
						CreatedOnToolsVersion = 6.4;
					};
				};
			};
			buildConfigurationList = BBCC472F1B58FB2F00FD1644 /* Build configuration list for PBXProject "PolyMorphismDemo" */;
			compatibilityVersion = "Xcode 3.2";
			developmentRegion = English;
			hasScannedForEncodings = 0;
			knownRegions = (
				en,
			);
			mainGroup = BBCC472B1B58FB2F00FD1644;
			productRefGroup = BBCC47351B58FB2F00FD1644 /* Products */;
			projectDirPath = "";
			projectRoot = "";
			targets = (
				BBCC47331B58FB2F00FD1644 /* PolyMorphismDemo */,
			);
		};
/* End PBXProject section */

/* Begin PBXSourcesBuildPhase section */
		BBCC47301B58FB2F00FD1644 /* Sources */ = {
			isa = PBXSourcesBuildPhase;
			buildActionMask = 2147483647;
			files = (
				BBCC47381B58FB3000FD1644 /* main.swift in Sources */,
				BBCC47431B58FCA400FD1644 /* Food.swift in Sources */,
				BBCC473F1B58FB7800FD1644 /* Chef.swift in Sources */,
				BBCC47411B58FC4E00FD1644 /* CookingAppliance.swift in Sources */,
			);
			runOnlyForDeploymentPostprocessing = 0;
		};
/* End PBXSourcesBuildPhase section */

/* Begin XCBuildConfiguration section */
		BBCC47391B58FB3000FD1644 /* Debug */ = {
			isa = XCBuildConfiguration;
			buildSettings = {
				ALWAYS_SEARCH_USER_PATHS = NO;
				CLANG_CXX_LANGUAGE_STANDARD = "gnu++0x";
				CLANG_CXX_LIBRARY = "libc++";
				CLANG_ENABLE_MODULES = YES;
				CLANG_ENABLE_OBJC_ARC = YES;
				CLANG_WARN_BLOCK_CAPTURE_AUTORELEASING = YES;
				CLANG_WARN_BOOL_CONVERSION = YES;
				CLANG_WARN_COMMA = YES;
				CLANG_WARN_CONSTANT_CONVERSION = YES;
				CLANG_WARN_DIRECT_OBJC_ISA_USAGE = YES_ERROR;
				CLANG_WARN_EMPTY_BODY = YES;
				CLANG_WARN_ENUM_CONVERSION = YES;
				CLANG_WARN_INFINITE_RECURSION = YES;
				CLANG_WARN_INT_CONVERSION = YES;
				CLANG_WARN_NON_LITERAL_NULL_CONVERSION = YES;
				CLANG_WARN_OBJC_LITERAL_CONVERSION = YES;
				CLANG_WARN_OBJC_ROOT_CLASS = YES_ERROR;
				CLANG_WARN_RANGE_LOOP_ANALYSIS = YES;
				CLANG_WARN_STRICT_PROTOTYPES = YES;
				CLANG_WARN_SUSPICIOUS_MOVE = YES;
				CLANG_WARN_UNREACHABLE_CODE = YES;
				CLANG_WARN__DUPLICATE_METHOD_MATCH = YES;
				COPY_PHASE_STRIP = NO;
				DEBUG_INFORMATION_FORMAT = dwarf;
				ENABLE_STRICT_OBJC_MSGSEND = YES;
				ENABLE_TESTABILITY = YES;
				GCC_C_LANGUAGE_STANDARD = gnu99;
				GCC_DYNAMIC_NO_PIC = NO;
				GCC_NO_COMMON_BLOCKS = YES;
				GCC_OPTIMIZATION_LEVEL = 0;
				GCC_PREPROCESSOR_DEFINITIONS = (
					"DEBUG=1",
					"$(inherited)",
				);
				GCC_SYMBOLS_PRIVATE_EXTERN = NO;
				GCC_WARN_64_TO_32_BIT_CONVERSION = YES;
				GCC_WARN_ABOUT_RETURN_TYPE = YES_ERROR;
				GCC_WARN_UNDECLARED_SELECTOR = YES;
				GCC_WARN_UNINITIALIZED_AUTOS = YES_AGGRESSIVE;
				GCC_WARN_UNUSED_FUNCTION = YES;
				GCC_WARN_UNUSED_VARIABLE = YES;
				MACOSX_DEPLOYMENT_TARGET = 10.10;
				MTL_ENABLE_DEBUG_INFO = YES;
				ONLY_ACTIVE_ARCH = YES;
				SDKROOT = macosx;
				SWIFT_OPTIMIZATION_LEVEL = "-Onone";
				SWIFT_VERSION = 4.0;
			};
			name = Debug;
		};
		BBCC473A1B58FB3000FD1644 /* Release */ = {
			isa = XCBuildConfiguration;
			buildSettings = {
				ALWAYS_SEARCH_USER_PATHS = NO;
				CLANG_CXX_LANGUAGE_STANDARD = "gnu++0x";
				CLANG_CXX_LIBRARY = "libc++";
				CLANG_ENABLE_MODULES = YES;
				CLANG_ENABLE_OBJC_ARC = YES;
				CLANG_WARN_BLOCK_CAPTURE_AUTORELEASING = YES;
				CLANG_WARN_BOOL_CONVERSION = YES;
				CLANG_WARN_COMMA = YES;
				CLANG_WARN_CONSTANT_CONVERSION = YES;
				CLANG_WARN_DIRECT_OBJC_ISA_USAGE = YES_ERROR;
				CLANG_WARN_EMPTY_BODY = YES;
				CLANG_WARN_ENUM_CONVERSION = YES;
				CLANG_WARN_INFINITE_RECURSION = YES;
				CLANG_WARN_INT_CONVERSION = YES;
				CLANG_WARN_NON_LITERAL_NULL_CONVERSION = YES;
				CLANG_WARN_OBJC_LITERAL_CONVERSION = YES;
				CLANG_WARN_OBJC_ROOT_CLASS = YES_ERROR;
				CLANG_WARN_RANGE_LOOP_ANALYSIS = YES;
				CLANG_WARN_STRICT_PROTOTYPES = YES;
				CLANG_WARN_SUSPICIOUS_MOVE = YES;
				CLANG_WARN_UNREACHABLE_CODE = YES;
				CLANG_WARN__DUPLICATE_METHOD_MATCH = YES;
				COPY_PHASE_STRIP = NO;
				DEBUG_INFORMATION_FORMAT = "dwarf-with-dsym";
				ENABLE_NS_ASSERTIONS = NO;
				ENABLE_STRICT_OBJC_MSGSEND = YES;
				GCC_C_LANGUAGE_STANDARD = gnu99;
				GCC_NO_COMMON_BLOCKS = YES;
				GCC_WARN_64_TO_32_BIT_CONVERSION = YES;
				GCC_WARN_ABOUT_RETURN_TYPE = YES_ERROR;
				GCC_WARN_UNDECLARED_SELECTOR = YES;
				GCC_WARN_UNINITIALIZED_AUTOS = YES_AGGRESSIVE;
				GCC_WARN_UNUSED_FUNCTION = YES;
				GCC_WARN_UNUSED_VARIABLE = YES;
				MACOSX_DEPLOYMENT_TARGET = 10.10;
				MTL_ENABLE_DEBUG_INFO = NO;
				SDKROOT = macosx;
				SWIFT_OPTIMIZATION_LEVEL = "-Owholemodule";
				SWIFT_VERSION = 4.0;
			};
			name = Release;
		};
		BBCC473C1B58FB3000FD1644 /* Debug */ = {
			isa = XCBuildConfiguration;
			buildSettings = {
				PRODUCT_NAME = "$(TARGET_NAME)";
			};
			name = Debug;
		};
		BBCC473D1B58FB3000FD1644 /* Release */ = {
			isa = XCBuildConfiguration;
			buildSettings = {
				PRODUCT_NAME = "$(TARGET_NAME)";
			};
			name = Release;
		};
/* End XCBuildConfiguration section */

/* Begin XCConfigurationList section */
		BBCC472F1B58FB2F00FD1644 /* Build configuration list for PBXProject "PolyMorphismDemo" */ = {
			isa = XCConfigurationList;
			buildConfigurations = (
				BBCC47391B58FB3000FD1644 /* Debug */,
				BBCC473A1B58FB3000FD1644 /* Release */,
			);
			defaultConfigurationIsVisible = 0;
			defaultConfigurationName = Release;
		};
		BBCC473B1B58FB3000FD1644 /* Build configuration list for PBXNativeTarget "PolyMorphismDemo" */ = {
			isa = XCConfigurationList;
			buildConfigurations = (
				BBCC473C1B58FB3000FD1644 /* Debug */,
				BBCC473D1B58FB3000FD1644 /* Release */,
			);
			defaultConfigurationIsVisible = 0;
			defaultConfigurationName = Release;
		};
/* End XCConfigurationList section */
	};
	rootObject = BBCC472C1B58FB2F00FD1644 /* Project object */;
}
